{
  "name": "asia-agentic-soc-backend",
  "version": "2.0.0",
  "lockfileVersion": 3,
  "requires": true,
  "packages": {
    "": {
      "name": "asia-agentic-soc-backend",
      "version": "2.0.0",
      "license": "ISC",
      "dependencies": {
        "@aws-sdk/client-dynamodb": "^3.592.0",
        "@aws-sdk/client-eventbridge": "^3.592.0",
        "@aws-sdk/client-kms": "^3.592.0",
        "@aws-sdk/client-s3": "^3.592.0",
        "@aws-sdk/client-step-functions": "^3.592.0",
        "@aws-sdk/lib-dynamodb": "^3.592.0",
        "cors": "^2.8.5",
        "dotenv": "^17.2.2",
        "express": "^4.18.2",
        "helmet": "^8.1.0",
        "pino": "^8.17.0",
        "uuid": "^13.0.0"
      },
      "devDependencies": {
        "eslint": "^9.12.0"
      }
    }
  }
}
